Microsoft Visual Studio Solution File, Format Version 12.00
# Visual Studio Version 17
VisualStudioVersion = 17.0.32112.339
MinimumVisualStudioVersion = 10.0.40219.1
Project("{9A19103F-16F7-4668-BE54-9A1E7A4F7556}") = "TodoList.Tests", "Tests\TodoList.Tests.csproj", "{579F3067-E12E-4DF5-9736-4979E53E7312}"
EndProject
Project("{9A19103F-16F7-4668-BE54-9A1E7A4F7556}") = "TodoList.Business", "Business\TodoList.Business.csproj", "{D951411B-19C0-427F-A7E1-CEA072B9BAC0}"
EndProject
Project("{9A19103F-16F7-4668-BE54-9A1E7A4F7556}") = "TodoList.Persistence", "DAL\TodoList.Persistence.csproj", "{A577A62B-EF5F-4354-97D1-A1D87B965B11}"
EndProject
Project("{9A19103F-16F7-4668-BE54-9A1E7A4F7556}") = "TodoList.WebUI.Blazor", "WebUI\TodoList.WebUI.Blazor.csproj", "{9349F751-8A6F-403C-A6B6-6A02E7601837}"
EndProject
Global
	GlobalSection(SolutionConfigurationPlatforms) = preSolution
		Debug|Any CPU = Debug|Any CPU
		Debug|x64 = Debug|x64
		Debug|x86 = Debug|x86
		Release|Any CPU = Release|Any CPU
		Release|x64 = Release|x64
		Release|x86 = Release|x86
	EndGlobalSection
	GlobalSection(ProjectConfigurationPlatforms) = postSolution
		{579F3067-E12E-4DF5-9736-4979E53E7312}.Debug|Any CPU.ActiveCfg = Debug|Any CPU
		{579F3067-E12E-4DF5-9736-4979E53E7312}.Debug|Any CPU.Build.0 = Debug|Any CPU
		{579F3067-E12E-4DF5-9736-4979E53E7312}.Debug|x64.ActiveCfg = Debug|Any CPU
		{579F3067-E12E-4DF5-9736-4979E53E7312}.Debug|x64.Build.0 = Debug|Any CPU
		{579F3067-E12E-4DF5-9736-4979E53E7312}.Debug|x86.ActiveCfg = Debug|Any CPU
		{579F3067-E12E-4DF5-9736-4979E53E7312}.Debug|x86.Build.0 = Debug|Any CPU
		{579F3067-E12E-4DF5-9736-4979E53E7312}.Release|Any CPU.ActiveCfg = Release|Any CPU
		{579F3067-E12E-4DF5-9736-4979E53E7312}.Release|Any CPU.Build.0 = Release|Any CPU
		{579F3067-E12E-4DF5-9736-4979E53E7312}.Release|x64.ActiveCfg = Release|Any CPU
		{579F3067-E12E-4DF5-9736-4979E53E7312}.Release|x64.Build.0 = Release|Any CPU
		{579F3067-E12E-4DF5-9736-4979E53E7312}.Release|x86.ActiveCfg = Release|Any CPU
		{579F3067-E12E-4DF5-9736-4979E53E7312}.Release|x86.Build.0 = Release|Any CPU
		{D951411B-19C0-427F-A7E1-CEA072B9BAC0}.Debug|Any CPU.ActiveCfg = Debug|Any CPU
		{D951411B-19C0-427F-A7E1-CEA072B9BAC0}.Debug|Any CPU.Build.0 = Debug|Any CPU
		{D951411B-19C0-427F-A7E1-CEA072B9BAC0}.Debug|x64.ActiveCfg = Debug|Any CPU
		{D951411B-19C0-427F-A7E1-CEA072B9BAC0}.Debug|x64.Build.0 = Debug|Any CPU
		{D951411B-19C0-427F-A7E1-CEA072B9BAC0}.Debug|x86.ActiveCfg = Debug|Any CPU
		{D951411B-19C0-427F-A7E1-CEA072B9BAC0}.Debug|x86.Build.0 = Debug|Any CPU
		{D951411B-19C0-427F-A7E1-CEA072B9BAC0}.Release|Any CPU.ActiveCfg = Release|Any CPU
		{D951411B-19C0-427F-A7E1-CEA072B9BAC0}.Release|Any CPU.Build.0 = Release|Any CPU
		{D951411B-19C0-427F-A7E1-CEA072B9BAC0}.Release|x64.ActiveCfg = Release|Any CPU
		{D951411B-19C0-427F-A7E1-CEA072B9BAC0}.Release|x64.Build.0 = Release|Any CPU
		{D951411B-19C0-427F-A7E1-CEA072B9BAC0}.Release|x86.ActiveCfg = Release|Any CPU
		{D951411B-19C0-427F-A7E1-CEA072B9BAC0}.Release|x86.Build.0 = Release|Any CPU
		{A577A62B-EF5F-4354-97D1-A1D87B965B11}.Debug|Any CPU.ActiveCfg = Debug|Any CPU
		{A577A62B-EF5F-4354-97D1-A1D87B965B11}.Debug|Any CPU.Build.0 = Debug|Any CPU
		{A577A62B-EF5F-4354-97D1-A1D87B965B11}.Debug|x64.ActiveCfg = Debug|Any CPU
		{A577A62B-EF5F-4354-97D1-A1D87B965B11}.Debug|x64.Build.0 = Debug|Any CPU
		{A577A62B-EF5F-4354-97D1-A1D87B965B11}.Debug|x86.ActiveCfg = Debug|Any CPU
		{A577A62B-EF5F-4354-97D1-A1D87B965B11}.Debug|x86.Build.0 = Debug|Any CPU
		{A577A62B-EF5F-4354-97D1-A1D87B965B11}.Release|Any CPU.ActiveCfg = Release|Any CPU
		{A577A62B-EF5F-4354-97D1-A1D87B965B11}.Release|Any CPU.Build.0 = Release|Any CPU
		{A577A62B-EF5F-4354-97D1-A1D87B965B11}.Release|x64.ActiveCfg = Release|Any CPU
		{A577A62B-EF5F-4354-97D1-A1D87B965B11}.Release|x64.Build.0 = Release|Any CPU
		{A577A62B-EF5F-4354-97D1-A1D87B965B11}.Release|x86.ActiveCfg = Release|Any CPU
		{A577A62B-EF5F-4354-97D1-A1D87B965B11}.Release|x86.Build.0 = Release|Any CPU
		{9349F751-8A6F-403C-A6B6-6A02E7601837}.Debug|Any CPU.ActiveCfg = Debug|Any CPU
		{9349F751-8A6F-403C-A6B6-6A02E7601837}.Debug|Any CPU.Build.0 = Debug|Any CPU
		{9349F751-8A6F-403C-A6B6-6A02E7601837}.Debug|x64.ActiveCfg = Debug|Any CPU
		{9349F751-8A6F-403C-A6B6-6A02E7601837}.Debug|x64.Build.0 = Debug|Any CPU
		{9349F751-8A6F-403C-A6B6-6A02E7601837}.Debug|x86.ActiveCfg = Debug|Any CPU
		{9349F751-8A6F-403C-A6B6-6A02E7601837}.Debug|x86.Build.0 = Debug|Any CPU
		{9349F751-8A6F-403C-A6B6-6A02E7601837}.Release|Any CPU.ActiveCfg = Release|Any CPU
		{9349F751-8A6F-403C-A6B6-6A02E7601837}.Release|Any CPU.Build.0 = Release|Any CPU
		{9349F751-8A6F-403C-A6B6-6A02E7601837}.Release|x64.ActiveCfg = Release|Any CPU
		{9349F751-8A6F-403C-A6B6-6A02E7601837}.Release|x64.Build.0 = Release|Any CPU
		{9349F751-8A6F-403C-A6B6-6A02E7601837}.Release|x86.ActiveCfg = Release|Any CPU
		{9349F751-8A6F-403C-A6B6-6A02E7601837}.Release|x86.Build.0 = Release|Any CPU
	EndGlobalSection
	GlobalSection(SolutionProperties) = preSolution
		HideSolutionNode = FALSE
	EndGlobalSection
	GlobalSection(ExtensibilityGlobals) = postSolution
		SolutionGuid = {D0261838-3E06-4EB9-AC8C-2970A5265D6C}
	EndGlobalSection
EndGlobal
